
Microsoft Visual Studio Solution File, Format Version 12.00
# Visual Studio Version 17
VisualStudioVersion = 17.4.33122.133
MinimumVisualStudioVersion = 10.0.40219.1
Project("{FAE04EC0-301F-11D3-BF4B-00C04F79EFBC}") = "STIVE_API", "STIVE_API\STIVE_API.csproj", "{46844793-D158-4CB2-9C58-36EA581E9B8B}"
EndProject
Global
	GlobalSection(SolutionConfigurationPlatforms) = preSolution
		Debug|Any CPU = Debug|Any CPU
		Release|Any CPU = Release|Any CPU
	EndGlobalSection
	GlobalSection(ProjectConfigurationPlatforms) = postSolution
		{46844793-D158-4CB2-9C58-36EA581E9B8B}.Debug|Any CPU.ActiveCfg = Debug|Any CPU
		{46844793-D158-4CB2-9C58-36EA581E9B8B}.Debug|Any CPU.Build.0 = Debug|Any CPU
		{46844793-D158-4CB2-9C58-36EA581E9B8B}.Release|Any CPU.ActiveCfg = Release|Any CPU
		{46844793-D158-4CB2-9C58-36EA581E9B8B}.Release|Any CPU.Build.0 = Release|Any CPU
	EndGlobalSection
	GlobalSection(SolutionProperties) = preSolution
		HideSolutionNode = FALSE
	EndGlobalSection
	GlobalSection(ExtensibilityGlobals) = postSolution
		SolutionGuid = {1F5C79C0-6AC4-4059-9D62-7550EE045647}
	EndGlobalSection
EndGlobal
